
Microsoft Visual Studio Solution File, Format Version 12.00
# Visual Studio Version 16
VisualStudioVersion = 16.0.31321.278
MinimumVisualStudioVersion = 10.0.40219.1
Project("{FAE04EC0-301F-11D3-BF4B-00C04F79EFBC}") = "Shopping.Client", "Shopping.Client\Shopping.Client.csproj", "{F9E0839D-B3F8-43C9-BCB7-869509639021}"
EndProject
Global
	GlobalSection(SolutionConfigurationPlatforms) = preSolution
		Debug|Any CPU = Debug|Any CPU
		Release|Any CPU = Release|Any CPU
	EndGlobalSection
	GlobalSection(ProjectConfigurationPlatforms) = postSolution
		{F9E0839D-B3F8-43C9-BCB7-869509639021}.Debug|Any CPU.ActiveCfg = Debug|Any CPU
		{F9E0839D-B3F8-43C9-BCB7-869509639021}.Debug|Any CPU.Build.0 = Debug|Any CPU
		{F9E0839D-B3F8-43C9-BCB7-869509639021}.Release|Any CPU.ActiveCfg = Release|Any CPU
		{F9E0839D-B3F8-43C9-BCB7-869509639021}.Release|Any CPU.Build.0 = Release|Any CPU
	EndGlobalSection
	GlobalSection(SolutionProperties) = preSolution
		HideSolutionNode = FALSE
	EndGlobalSection
	GlobalSection(ExtensibilityGlobals) = postSolution
		SolutionGuid = {CE406FAB-F148-42F4-81D8-9E3B92A394A7}
	EndGlobalSection
EndGlobal
